
Microsoft Visual Studio Solution File, Format Version 12.00
# Visual Studio Version 16
VisualStudioVersion = 16.0.31321.278
MinimumVisualStudioVersion = 10.0.40219.1
Project("{FAE04EC0-301F-11D3-BF4B-00C04F79EFBC}") = "SimpleHttpStressTester", "SimpleHttpStressTester\SimpleHttpStressTester.csproj", "{AB705118-A977-4742-B05F-DB69FFACE7E4}"
EndProject
Global
	GlobalSection(SolutionConfigurationPlatforms) = preSolution
		Debug|Any CPU = Debug|Any CPU
		Release|Any CPU = Release|Any CPU
	EndGlobalSection
	GlobalSection(ProjectConfigurationPlatforms) = postSolution
		{AB705118-A977-4742-B05F-DB69FFACE7E4}.Debug|Any CPU.ActiveCfg = Debug|Any CPU
		{AB705118-A977-4742-B05F-DB69FFACE7E4}.Debug|Any CPU.Build.0 = Debug|Any CPU
		{AB705118-A977-4742-B05F-DB69FFACE7E4}.Release|Any CPU.ActiveCfg = Release|Any CPU
		{AB705118-A977-4742-B05F-DB69FFACE7E4}.Release|Any CPU.Build.0 = Release|Any CPU
	EndGlobalSection
	GlobalSection(SolutionProperties) = preSolution
		HideSolutionNode = FALSE
	EndGlobalSection
	GlobalSection(ExtensibilityGlobals) = postSolution
		SolutionGuid = {D0E48536-77E2-4BB4-8660-169FC0ED6EF5}
	EndGlobalSection
EndGlobal
